{
  "name": "poc-scan-package",
  "version": "0.0.1",
  "lockfileVersion": 2,
  "requires": true,
  "packages": {
    "": {
      "name": "poc-scan-package",
      "version": "0.0.1",
      "dependencies": {
        "dwt": "^18.1.0",
        "tslib": "^2.3.0"
      },
      "peerDependencies": {
        "@angular/common": "^13.3.0",
        "@angular/core": "^13.3.0"
      }
    },
    "node_modules/@angular/common": {
      "version": "13.3.12",
      "resolved": "https://diit-nex.eastus.cloudapp.azure.com/repository/npm-all/@angular/common/-/common-13.3.12.tgz",
      "integrity": "sha512-Nk4zNKfda92aFe+cucHRv2keyryR7C1ZnsurwZW9WZSobpY3z2tTT81F+yy35lGoMt5BDBAIpfh1b4j9Ue/vMg==",
      "license": "MIT",
      "peer": true,
      "dependencies": {
        "tslib": "^2.3.0"
      },
      "engines": {
        "node": "^12.20.0 || ^14.15.0 || >=16.10.0"
      },
      "peerDependencies": {
        "@angular/core": "13.3.12",
        "rxjs": "^6.5.3 || ^7.4.0"
      }
    },
    "node_modules/@angular/core": {
      "version": "13.3.12",
      "resolved": "https://diit-nex.eastus.cloudapp.azure.com/repository/npm-all/@angular/core/-/core-13.3.12.tgz",
      "integrity": "sha512-jx0YC+NbPMbxGr5bXECkCEQv2RdVxR8AJNnabkPk8ZjwCpDzROrbELwwS1kunrZUhffcD15IhWGBvf1EGHAYDw==",
      "license": "MIT",
      "peer": true,
      "dependencies": {
        "tslib": "^2.3.0"
      },
      "engines": {
        "node": "^12.20.0 || ^14.15.0 || >=16.10.0"
      },
      "peerDependencies": {
        "rxjs": "^6.5.3 || ^7.4.0",
        "zone.js": "~0.11.4"
      }
    },
    "node_modules/dm-fabric": {
      "version": "5.1.17",
      "resolved": "https://diit-nex.eastus.cloudapp.azure.com/repository/npm-all/dm-fabric/-/dm-fabric-5.1.17.tgz",
      "integrity": "sha512-YouI4F+svfqTi3FM9fKG8ZqtdygzLbAzaA53QfekreLvJRqaHhCplk+2EF+cgMmuO5kY62m2Pm0pBqqV/sc5Vg==",
      "license": "MIT",
      "engines": {
        "node": ">=14.0.0"
      }
    },
    "node_modules/dm-howler": {
      "version": "2.2.4",
      "resolved": "https://diit-nex.eastus.cloudapp.azure.com/repository/npm-all/dm-howler/-/dm-howler-2.2.4.tgz",
      "integrity": "sha512-h+iDEP/cyALeqWNtGdZZRwm3buSwaG26wzF6fCUGhvkF/yxYoWb8F/v7qN+urqdZw3wotZGO/01rDlzOxJUUGw==",
      "license": "MIT"
    },
    "node_modules/dwt": {
      "version": "18.1.0",
      "resolved": "https://diit-nex.eastus.cloudapp.azure.com/repository/npm-all/dwt/-/dwt-18.1.0.tgz",
      "integrity": "sha512-5m3fTS7hHjiYpwpIYckz20Ce1ZKYOqtnFAd9F7WT3mTeLFdrP0xdQ4xIPG86FjuCy/Xd4A/sEZX1MqEXcIJX2g==",
      "license": "SEE LICENSE IN LICENSE.txt",
      "dependencies": {
        "dynamsoft-javascript-barcode": "9.2.13"
      }
    },
    "node_modules/dynamsoft-camera-enhancer": {
      "version": "3.0.1",
      "resolved": "https://diit-nex.eastus.cloudapp.azure.com/repository/npm-all/dynamsoft-camera-enhancer/-/dynamsoft-camera-enhancer-3.0.1.tgz",
      "integrity": "sha512-iPH/1LDYtyUM54IADR0XE4MkPFZNV/mZaD9QXp4z8YA5atFFk5xawxrsWz6GHAuO2YF94+1kItcYzCkOV5CdlA==",
      "dependencies": {
        "dm-fabric": "^5.1.17"
      }
    },
    "node_modules/dynamsoft-javascript-barcode": {
      "version": "9.2.13",
      "resolved": "https://diit-nex.eastus.cloudapp.azure.com/repository/npm-all/dynamsoft-javascript-barcode/-/dynamsoft-javascript-barcode-9.2.13.tgz",
      "integrity": "sha512-hUI2EyFBNdmzq3+5CfT6FogmfbZ2DNOal4eHiuh1zKRYXncos6xV7YNJraXwPqZVT5RijpdzqYp5/A/PFcU7fA==",
      "license": "SEE LICENSE IN LICENSE",
      "dependencies": {
        "dm-howler": "^2.2.4",
        "dynamsoft-camera-enhancer": "3.0.1"
      },
      "peerDependencies": {
        "node-fetch": "^2.6.5",
        "node-localstorage": "^2.2.1"
      },
      "peerDependenciesMeta": {
        "node-fetch": {
          "optional": true
        },
        "node-localstorage": {
          "optional": true
        }
      }
    },
    "node_modules/rxjs": {
      "version": "7.8.0",
      "resolved": "https://diit-nex.eastus.cloudapp.azure.com/repository/npm-all/rxjs/-/rxjs-7.8.0.tgz",
      "integrity": "sha512-F2+gxDshqmIub1KdvZkaEfGDwLNpPvk9Fs6LD/MyQxNgMds/WH9OdDDXOmxUZpME+iSK3rQCctkL0DYyytUqMg==",
      "license": "Apache-2.0",
      "peer": true,
      "dependencies": {
        "tslib": "^2.1.0"
      }
    },
    "node_modules/tslib": {
      "version": "2.4.1",
      "resolved": "https://diit-nex.eastus.cloudapp.azure.com/repository/npm-all/tslib/-/tslib-2.4.1.tgz",
      "integrity": "sha512-tGyy4dAjRIEwI7BzsB0lynWgOpfqjUdq91XXAlIWD2OwKBH7oCl/GZG/HT4BOHrTlPMOASlMQ7veyTqpmRcrNA==",
      "license": "0BSD"
    },
    "node_modules/zone.js": {
      "version": "0.11.8",
      "resolved": "https://diit-nex.eastus.cloudapp.azure.com/repository/npm-all/zone.js/-/zone.js-0.11.8.tgz",
      "integrity": "sha512-82bctBg2hKcEJ21humWIkXRlLBBmrc3nN7DFh5LGGhcyycO2S7FN8NmdvlcKaGFDNVL4/9kFLmwmInTavdJERA==",
      "license": "MIT",
      "peer": true,
      "dependencies": {
        "tslib": "^2.3.0"
      }
    }
  },
  "dependencies": {
    "@angular/common": {
      "version": "13.3.12",
      "resolved": "https://diit-nex.eastus.cloudapp.azure.com/repository/npm-all/@angular/common/-/common-13.3.12.tgz",
      "integrity": "sha512-Nk4zNKfda92aFe+cucHRv2keyryR7C1ZnsurwZW9WZSobpY3z2tTT81F+yy35lGoMt5BDBAIpfh1b4j9Ue/vMg==",
      "peer": true,
      "requires": {
        "tslib": "^2.3.0"
      }
    },
    "@angular/core": {
      "version": "13.3.12",
      "resolved": "https://diit-nex.eastus.cloudapp.azure.com/repository/npm-all/@angular/core/-/core-13.3.12.tgz",
      "integrity": "sha512-jx0YC+NbPMbxGr5bXECkCEQv2RdVxR8AJNnabkPk8ZjwCpDzROrbELwwS1kunrZUhffcD15IhWGBvf1EGHAYDw==",
      "peer": true,
      "requires": {
        "tslib": "^2.3.0"
      }
    },
    "dm-fabric": {
      "version": "5.1.17",
      "resolved": "https://diit-nex.eastus.cloudapp.azure.com/repository/npm-all/dm-fabric/-/dm-fabric-5.1.17.tgz",
      "integrity": "sha512-YouI4F+svfqTi3FM9fKG8ZqtdygzLbAzaA53QfekreLvJRqaHhCplk+2EF+cgMmuO5kY62m2Pm0pBqqV/sc5Vg=="
    },
    "dm-howler": {
      "version": "2.2.4",
      "resolved": "https://diit-nex.eastus.cloudapp.azure.com/repository/npm-all/dm-howler/-/dm-howler-2.2.4.tgz",
      "integrity": "sha512-h+iDEP/cyALeqWNtGdZZRwm3buSwaG26wzF6fCUGhvkF/yxYoWb8F/v7qN+urqdZw3wotZGO/01rDlzOxJUUGw=="
    },
    "dwt": {
      "version": "18.1.0",
      "resolved": "https://diit-nex.eastus.cloudapp.azure.com/repository/npm-all/dwt/-/dwt-18.1.0.tgz",
      "integrity": "sha512-5m3fTS7hHjiYpwpIYckz20Ce1ZKYOqtnFAd9F7WT3mTeLFdrP0xdQ4xIPG86FjuCy/Xd4A/sEZX1MqEXcIJX2g==",
      "requires": {
        "dynamsoft-javascript-barcode": "9.2.13"
      }
    },
    "dynamsoft-camera-enhancer": {
      "version": "3.0.1",
      "resolved": "https://diit-nex.eastus.cloudapp.azure.com/repository/npm-all/dynamsoft-camera-enhancer/-/dynamsoft-camera-enhancer-3.0.1.tgz",
      "integrity": "sha512-iPH/1LDYtyUM54IADR0XE4MkPFZNV/mZaD9QXp4z8YA5atFFk5xawxrsWz6GHAuO2YF94+1kItcYzCkOV5CdlA==",
      "requires": {
        "dm-fabric": "^5.1.17"
      }
    },
    "dynamsoft-javascript-barcode": {
      "version": "9.2.13",
      "resolved": "https://diit-nex.eastus.cloudapp.azure.com/repository/npm-all/dynamsoft-javascript-barcode/-/dynamsoft-javascript-barcode-9.2.13.tgz",
      "integrity": "sha512-hUI2EyFBNdmzq3+5CfT6FogmfbZ2DNOal4eHiuh1zKRYXncos6xV7YNJraXwPqZVT5RijpdzqYp5/A/PFcU7fA==",
      "requires": {
        "dm-howler": "^2.2.4",
        "dynamsoft-camera-enhancer": "3.0.1"
      }
    },
    "rxjs": {
      "version": "7.8.0",
      "resolved": "https://diit-nex.eastus.cloudapp.azure.com/repository/npm-all/rxjs/-/rxjs-7.8.0.tgz",
      "integrity": "sha512-F2+gxDshqmIub1KdvZkaEfGDwLNpPvk9Fs6LD/MyQxNgMds/WH9OdDDXOmxUZpME+iSK3rQCctkL0DYyytUqMg==",
      "peer": true,
      "requires": {
        "tslib": "^2.1.0"
      }
    },
    "tslib": {
      "version": "2.4.1",
      "resolved": "https://diit-nex.eastus.cloudapp.azure.com/repository/npm-all/tslib/-/tslib-2.4.1.tgz",
      "integrity": "sha512-tGyy4dAjRIEwI7BzsB0lynWgOpfqjUdq91XXAlIWD2OwKBH7oCl/GZG/HT4BOHrTlPMOASlMQ7veyTqpmRcrNA=="
    },
    "zone.js": {
      "version": "0.11.8",
      "resolved": "https://diit-nex.eastus.cloudapp.azure.com/repository/npm-all/zone.js/-/zone.js-0.11.8.tgz",
      "integrity": "sha512-82bctBg2hKcEJ21humWIkXRlLBBmrc3nN7DFh5LGGhcyycO2S7FN8NmdvlcKaGFDNVL4/9kFLmwmInTavdJERA==",
      "peer": true,
      "requires": {
        "tslib": "^2.3.0"
      }
    }
  }
}
